
Microsoft Visual Studio Solution File, Format Version 12.00
# Visual Studio Version 17
VisualStudioVersion = 17.5.2.0
MinimumVisualStudioVersion = 10.0.40219.1
Project("{FAE04EC0-301F-11D3-BF4B-00C04F79EFBC}") = "week-1-console-writeline", "week-1-console-writeline\week-1-console-writeline.csproj", "{99B1DD1D-A46B-24F8-DECB-EEFD5F24A4CF}"
EndProject
Project("{FAE04EC0-301F-11D3-BF4B-00C04F79EFBC}") = "week-1-guided-project", "week-1-guided-project\week-1-guided-project.csproj", "{2CEA58F5-9F5C-DC1C-CBB0-1F49C403BD8A}"
EndProject
Project("{2150E333-8FDC-42A3-9474-1A3956D46DE8}") = "extras", "extras", "{45862C35-0FE3-F509-FF75-57B4FF6ADE57}"
EndProject
Project("{FAE04EC0-301F-11D3-BF4B-00C04F79EFBC}") = "bool", "extras\bool\bool.csproj", "{894A5688-002E-4769-8ACD-FBA48656F8A9}"
EndProject
Project("{FAE04EC0-301F-11D3-BF4B-00C04F79EFBC}") = "business-rules", "extras\business-rules\business-rules.csproj", "{E573103A-D99F-4230-B438-BDC140F9829E}"
EndProject
Project("{FAE04EC0-301F-11D3-BF4B-00C04F79EFBC}") = "call-methods", "extras\call-methods\call-methods.csproj", "{E81159DC-F170-4CF6-915B-567180239ED7}"
EndProject
Project("{FAE04EC0-301F-11D3-BF4B-00C04F79EFBC}") = "calculate-final-gpa", "extras\calculate-final-gpa\calculate-final-gpa.csproj", "{DFE6175F-63E5-43C2-A735-D7D1538BF16B}"
EndProject
Project("{FAE04EC0-301F-11D3-BF4B-00C04F79EFBC}") = "if-else-elseif", "extras\if-else-elseif\if-else-elseif.csproj", "{7BB94BF5-A835-4CDE-8D6F-5C6DAB7CC046}"
EndProject
Project("{FAE04EC0-301F-11D3-BF4B-00C04F79EFBC}") = "branching-logic", "extras\branching-logic\branching-logic.csproj", "{D7AFC512-0F56-4E1C-BD0B-318041F1305B}"
EndProject
Project("{FAE04EC0-301F-11D3-BF4B-00C04F79EFBC}") = "week-4-loops", "week-4-loops\week-4-loops.csproj", "{2B2A97D0-9310-4245-BC07-EA12027499BF}"
EndProject
Project("{FAE04EC0-301F-11D3-BF4B-00C04F79EFBC}") = "week-3-arrays", "week-3-arrays\week-3-arrays.csproj", "{D147AAFB-2FA6-4129-BA21-4987B66AE715}"
EndProject
Project("{FAE04EC0-301F-11D3-BF4B-00C04F79EFBC}") = "implement-vscode-debugging-tools", "extras\implement-vscode-debugging-tools\implement-vscode-debugging-tools.csproj", "{71B9A778-83B3-4DCC-9F80-67EE4CF6FD6E}"
EndProject
Project("{FAE04EC0-301F-11D3-BF4B-00C04F79EFBC}") = "week-7-debug", "week-7-debug\week-7-debug.csproj", "{498013E7-9932-482A-B096-D7C3A877CD4D}"
EndProject
Project("{FAE04EC0-301F-11D3-BF4B-00C04F79EFBC}") = "week-8-oop", "week-8-oop\week-8-oop.csproj", "{55DD6FFC-2D87-4FB4-9151-186D8E05544F}"
EndProject
Project("{FAE04EC0-301F-11D3-BF4B-00C04F79EFBC}") = "week-10-file-input-output", "week-10-file-input-output\week-10-file-input-output.csproj", "{A6E2C9A1-7F6B-4C1F-9C3C-3D9C2E7C1234}"
EndProject
Project("{FAE04EC0-301F-11D3-BF4B-00C04F79EFBC}") = "week-5-methods", "week-5-methods\week-5-methods.csproj", "{8A47019B-9FCD-40F1-8995-ED2DA3250CF1}"
EndProject
Project("{FAE04EC0-301F-11D3-BF4B-00C04F79EFBC}") = "code-blocks", "extras\code-blocks\code-blocks.csproj", "{0D38D04B-3F37-4504-98AF-2CA8178892DE}"
EndProject
Project("{FAE04EC0-301F-11D3-BF4B-00C04F79EFBC}") = "conditional-looping", "extras\conditional-looping\conditional-looping.csproj", "{20C87FC1-00B2-4349-BA43-27DF4FEEB7B5}"
EndProject
Project("{FAE04EC0-301F-11D3-BF4B-00C04F79EFBC}") = "cs-for", "extras\cs-for\cs-for.csproj", "{25554606-4128-4A85-B526-38D67438C934}"
EndProject
Project("{FAE04EC0-301F-11D3-BF4B-00C04F79EFBC}") = "gp-foreach-ifelse", "extras\gp-foreach-ifelse\gp-foreach-ifelse.csproj", "{7AD26E24-9D0A-4167-B144-540BB383B188}"
EndProject
Project("{FAE04EC0-301F-11D3-BF4B-00C04F79EFBC}") = "gp-foreach-ifelse2", "extras\gp-foreach-ifelse2\gp-foreach-ifelse2.csproj", "{A6EAA256-7158-4161-8587-0D62836E7E69}"
EndProject
Project("{FAE04EC0-301F-11D3-BF4B-00C04F79EFBC}") = "loops", "extras\loops\loops.csproj", "{7F53CD65-79A8-4EF9-BEC3-9A1DFA06A051}"
EndProject
Project("{FAE04EC0-301F-11D3-BF4B-00C04F79EFBC}") = "methods-that-return-values", "extras\methods-that-return-values\methods-that-return-values.csproj", "{E475D0D7-A927-4FED-B7FA-6BCF77472647}"
EndProject
Project("{FAE04EC0-301F-11D3-BF4B-00C04F79EFBC}") = "methods-with-params", "extras\methods-with-params\methods-with-params.csproj", "{B091642F-9D10-4CBA-9CA5-F33A8A987D29}"
EndProject
Project("{FAE04EC0-301F-11D3-BF4B-00C04F79EFBC}") = "simple-console-apps", "extras\simple-console-apps\simple-console-apps.csproj", "{75F7E2F3-BDAC-40C5-81AE-BF261F544D2A}"
EndProject
Project("{FAE04EC0-301F-11D3-BF4B-00C04F79EFBC}") = "mslearn-dotnet-files", "extras\working-with-files-directories\mslearn-dotnet-files.csproj", "{6208EDC8-E860-4C19-89AA-4A3F72738B1F}"
EndProject
Project("{FAE04EC0-301F-11D3-BF4B-00C04F79EFBC}") = "write-your-own-method", "extras\write-your-own-method\write-your-own-method.csproj", "{B3CD06E1-7B8B-46F3-8190-E3E5217496EE}"
EndProject
Project("{FAE04EC0-301F-11D3-BF4B-00C04F79EFBC}") = "week-12-async-programming", "week-12-async-programming\week-12-async-programming.csproj", "{889915F6-B131-4A10-AE05-0B382787D781}"
EndProject
Project("{FAE04EC0-301F-11D3-BF4B-00C04F79EFBC}") = "week-13-managing-application-data", "week-13-managing-application-data\week-13-managing-application-data.csproj", "{897FE281-DF1F-4788-9FE7-BA7EA28F5B46}"
EndProject
Global
	GlobalSection(SolutionConfigurationPlatforms) = preSolution
		Debug|Any CPU = Debug|Any CPU
		Debug|x64 = Debug|x64
		Debug|x86 = Debug|x86
		Release|Any CPU = Release|Any CPU
		Release|x64 = Release|x64
		Release|x86 = Release|x86
	EndGlobalSection
	GlobalSection(ProjectConfigurationPlatforms) = postSolution
		{99B1DD1D-A46B-24F8-DECB-EEFD5F24A4CF}.Debug|Any CPU.ActiveCfg = Debug|Any CPU
		{99B1DD1D-A46B-24F8-DECB-EEFD5F24A4CF}.Debug|Any CPU.Build.0 = Debug|Any CPU
		{99B1DD1D-A46B-24F8-DECB-EEFD5F24A4CF}.Debug|x64.ActiveCfg = Debug|Any CPU
		{99B1DD1D-A46B-24F8-DECB-EEFD5F24A4CF}.Debug|x64.Build.0 = Debug|Any CPU
		{99B1DD1D-A46B-24F8-DECB-EEFD5F24A4CF}.Debug|x86.ActiveCfg = Debug|Any CPU
		{99B1DD1D-A46B-24F8-DECB-EEFD5F24A4CF}.Debug|x86.Build.0 = Debug|Any CPU
		{99B1DD1D-A46B-24F8-DECB-EEFD5F24A4CF}.Release|Any CPU.ActiveCfg = Release|Any CPU
		{99B1DD1D-A46B-24F8-DECB-EEFD5F24A4CF}.Release|Any CPU.Build.0 = Release|Any CPU
		{99B1DD1D-A46B-24F8-DECB-EEFD5F24A4CF}.Release|x64.ActiveCfg = Release|Any CPU
		{99B1DD1D-A46B-24F8-DECB-EEFD5F24A4CF}.Release|x64.Build.0 = Release|Any CPU
		{99B1DD1D-A46B-24F8-DECB-EEFD5F24A4CF}.Release|x86.ActiveCfg = Release|Any CPU
		{99B1DD1D-A46B-24F8-DECB-EEFD5F24A4CF}.Release|x86.Build.0 = Release|Any CPU
		{2CEA58F5-9F5C-DC1C-CBB0-1F49C403BD8A}.Debug|Any CPU.ActiveCfg = Debug|Any CPU
		{2CEA58F5-9F5C-DC1C-CBB0-1F49C403BD8A}.Debug|Any CPU.Build.0 = Debug|Any CPU
		{2CEA58F5-9F5C-DC1C-CBB0-1F49C403BD8A}.Debug|x64.ActiveCfg = Debug|Any CPU
		{2CEA58F5-9F5C-DC1C-CBB0-1F49C403BD8A}.Debug|x64.Build.0 = Debug|Any CPU
		{2CEA58F5-9F5C-DC1C-CBB0-1F49C403BD8A}.Debug|x86.ActiveCfg = Debug|Any CPU
		{2CEA58F5-9F5C-DC1C-CBB0-1F49C403BD8A}.Debug|x86.Build.0 = Debug|Any CPU
		{2CEA58F5-9F5C-DC1C-CBB0-1F49C403BD8A}.Release|Any CPU.ActiveCfg = Release|Any CPU
		{2CEA58F5-9F5C-DC1C-CBB0-1F49C403BD8A}.Release|Any CPU.Build.0 = Release|Any CPU
		{2CEA58F5-9F5C-DC1C-CBB0-1F49C403BD8A}.Release|x64.ActiveCfg = Release|Any CPU
		{2CEA58F5-9F5C-DC1C-CBB0-1F49C403BD8A}.Release|x64.Build.0 = Release|Any CPU
		{2CEA58F5-9F5C-DC1C-CBB0-1F49C403BD8A}.Release|x86.ActiveCfg = Release|Any CPU
		{2CEA58F5-9F5C-DC1C-CBB0-1F49C403BD8A}.Release|x86.Build.0 = Release|Any CPU
		{894A5688-002E-4769-8ACD-FBA48656F8A9}.Debug|Any CPU.ActiveCfg = Debug|Any CPU
		{894A5688-002E-4769-8ACD-FBA48656F8A9}.Debug|Any CPU.Build.0 = Debug|Any CPU
		{894A5688-002E-4769-8ACD-FBA48656F8A9}.Debug|x64.ActiveCfg = Debug|Any CPU
		{894A5688-002E-4769-8ACD-FBA48656F8A9}.Debug|x64.Build.0 = Debug|Any CPU
		{894A5688-002E-4769-8ACD-FBA48656F8A9}.Debug|x86.ActiveCfg = Debug|Any CPU
		{894A5688-002E-4769-8ACD-FBA48656F8A9}.Debug|x86.Build.0 = Debug|Any CPU
		{894A5688-002E-4769-8ACD-FBA48656F8A9}.Release|Any CPU.ActiveCfg = Release|Any CPU
		{894A5688-002E-4769-8ACD-FBA48656F8A9}.Release|Any CPU.Build.0 = Release|Any CPU
		{894A5688-002E-4769-8ACD-FBA48656F8A9}.Release|x64.ActiveCfg = Release|Any CPU
		{894A5688-002E-4769-8ACD-FBA48656F8A9}.Release|x64.Build.0 = Release|Any CPU
		{894A5688-002E-4769-8ACD-FBA48656F8A9}.Release|x86.ActiveCfg = Release|Any CPU
		{894A5688-002E-4769-8ACD-FBA48656F8A9}.Release|x86.Build.0 = Release|Any CPU
		{E573103A-D99F-4230-B438-BDC140F9829E}.Debug|Any CPU.ActiveCfg = Debug|Any CPU
		{E573103A-D99F-4230-B438-BDC140F9829E}.Debug|Any CPU.Build.0 = Debug|Any CPU
		{E573103A-D99F-4230-B438-BDC140F9829E}.Debug|x64.ActiveCfg = Debug|Any CPU
		{E573103A-D99F-4230-B438-BDC140F9829E}.Debug|x64.Build.0 = Debug|Any CPU
		{E573103A-D99F-4230-B438-BDC140F9829E}.Debug|x86.ActiveCfg = Debug|Any CPU
		{E573103A-D99F-4230-B438-BDC140F9829E}.Debug|x86.Build.0 = Debug|Any CPU
		{E573103A-D99F-4230-B438-BDC140F9829E}.Release|Any CPU.ActiveCfg = Release|Any CPU
		{E573103A-D99F-4230-B438-BDC140F9829E}.Release|Any CPU.Build.0 = Release|Any CPU
		{E573103A-D99F-4230-B438-BDC140F9829E}.Release|x64.ActiveCfg = Release|Any CPU
		{E573103A-D99F-4230-B438-BDC140F9829E}.Release|x64.Build.0 = Release|Any CPU
		{E573103A-D99F-4230-B438-BDC140F9829E}.Release|x86.ActiveCfg = Release|Any CPU
		{E573103A-D99F-4230-B438-BDC140F9829E}.Release|x86.Build.0 = Release|Any CPU
		{E81159DC-F170-4CF6-915B-567180239ED7}.Debug|Any CPU.ActiveCfg = Debug|Any CPU
		{E81159DC-F170-4CF6-915B-567180239ED7}.Debug|Any CPU.Build.0 = Debug|Any CPU
		{E81159DC-F170-4CF6-915B-567180239ED7}.Debug|x64.ActiveCfg = Debug|Any CPU
		{E81159DC-F170-4CF6-915B-567180239ED7}.Debug|x64.Build.0 = Debug|Any CPU
		{E81159DC-F170-4CF6-915B-567180239ED7}.Debug|x86.ActiveCfg = Debug|Any CPU
		{E81159DC-F170-4CF6-915B-567180239ED7}.Debug|x86.Build.0 = Debug|Any CPU
		{E81159DC-F170-4CF6-915B-567180239ED7}.Release|Any CPU.ActiveCfg = Release|Any CPU
		{E81159DC-F170-4CF6-915B-567180239ED7}.Release|Any CPU.Build.0 = Release|Any CPU
		{E81159DC-F170-4CF6-915B-567180239ED7}.Release|x64.ActiveCfg = Release|Any CPU
		{E81159DC-F170-4CF6-915B-567180239ED7}.Release|x64.Build.0 = Release|Any CPU
		{E81159DC-F170-4CF6-915B-567180239ED7}.Release|x86.ActiveCfg = Release|Any CPU
		{E81159DC-F170-4CF6-915B-567180239ED7}.Release|x86.Build.0 = Release|Any CPU
		{DFE6175F-63E5-43C2-A735-D7D1538BF16B}.Debug|Any CPU.ActiveCfg = Debug|Any CPU
		{DFE6175F-63E5-43C2-A735-D7D1538BF16B}.Debug|Any CPU.Build.0 = Debug|Any CPU
		{DFE6175F-63E5-43C2-A735-D7D1538BF16B}.Debug|x64.ActiveCfg = Debug|Any CPU
		{DFE6175F-63E5-43C2-A735-D7D1538BF16B}.Debug|x64.Build.0 = Debug|Any CPU
		{DFE6175F-63E5-43C2-A735-D7D1538BF16B}.Debug|x86.ActiveCfg = Debug|Any CPU
		{DFE6175F-63E5-43C2-A735-D7D1538BF16B}.Debug|x86.Build.0 = Debug|Any CPU
		{DFE6175F-63E5-43C2-A735-D7D1538BF16B}.Release|Any CPU.ActiveCfg = Release|Any CPU
		{DFE6175F-63E5-43C2-A735-D7D1538BF16B}.Release|Any CPU.Build.0 = Release|Any CPU
		{DFE6175F-63E5-43C2-A735-D7D1538BF16B}.Release|x64.ActiveCfg = Release|Any CPU
		{DFE6175F-63E5-43C2-A735-D7D1538BF16B}.Release|x64.Build.0 = Release|Any CPU
		{DFE6175F-63E5-43C2-A735-D7D1538BF16B}.Release|x86.ActiveCfg = Release|Any CPU
		{DFE6175F-63E5-43C2-A735-D7D1538BF16B}.Release|x86.Build.0 = Release|Any CPU
		{7BB94BF5-A835-4CDE-8D6F-5C6DAB7CC046}.Debug|Any CPU.ActiveCfg = Debug|Any CPU
		{7BB94BF5-A835-4CDE-8D6F-5C6DAB7CC046}.Debug|Any CPU.Build.0 = Debug|Any CPU
		{7BB94BF5-A835-4CDE-8D6F-5C6DAB7CC046}.Debug|x64.ActiveCfg = Debug|Any CPU
		{7BB94BF5-A835-4CDE-8D6F-5C6DAB7CC046}.Debug|x64.Build.0 = Debug|Any CPU
		{7BB94BF5-A835-4CDE-8D6F-5C6DAB7CC046}.Debug|x86.ActiveCfg = Debug|Any CPU
		{7BB94BF5-A835-4CDE-8D6F-5C6DAB7CC046}.Debug|x86.Build.0 = Debug|Any CPU
		{7BB94BF5-A835-4CDE-8D6F-5C6DAB7CC046}.Release|Any CPU.ActiveCfg = Release|Any CPU
		{7BB94BF5-A835-4CDE-8D6F-5C6DAB7CC046}.Release|Any CPU.Build.0 = Release|Any CPU
		{7BB94BF5-A835-4CDE-8D6F-5C6DAB7CC046}.Release|x64.ActiveCfg = Release|Any CPU
		{7BB94BF5-A835-4CDE-8D6F-5C6DAB7CC046}.Release|x64.Build.0 = Release|Any CPU
		{7BB94BF5-A835-4CDE-8D6F-5C6DAB7CC046}.Release|x86.ActiveCfg = Release|Any CPU
		{7BB94BF5-A835-4CDE-8D6F-5C6DAB7CC046}.Release|x86.Build.0 = Release|Any CPU
		{D7AFC512-0F56-4E1C-BD0B-318041F1305B}.Debug|Any CPU.ActiveCfg = Debug|Any CPU
		{D7AFC512-0F56-4E1C-BD0B-318041F1305B}.Debug|Any CPU.Build.0 = Debug|Any CPU
		{D7AFC512-0F56-4E1C-BD0B-318041F1305B}.Debug|x64.ActiveCfg = Debug|Any CPU
		{D7AFC512-0F56-4E1C-BD0B-318041F1305B}.Debug|x64.Build.0 = Debug|Any CPU
		{D7AFC512-0F56-4E1C-BD0B-318041F1305B}.Debug|x86.ActiveCfg = Debug|Any CPU
		{D7AFC512-0F56-4E1C-BD0B-318041F1305B}.Debug|x86.Build.0 = Debug|Any CPU
		{D7AFC512-0F56-4E1C-BD0B-318041F1305B}.Release|Any CPU.ActiveCfg = Release|Any CPU
		{D7AFC512-0F56-4E1C-BD0B-318041F1305B}.Release|Any CPU.Build.0 = Release|Any CPU
		{D7AFC512-0F56-4E1C-BD0B-318041F1305B}.Release|x64.ActiveCfg = Release|Any CPU
		{D7AFC512-0F56-4E1C-BD0B-318041F1305B}.Release|x64.Build.0 = Release|Any CPU
		{D7AFC512-0F56-4E1C-BD0B-318041F1305B}.Release|x86.ActiveCfg = Release|Any CPU
		{D7AFC512-0F56-4E1C-BD0B-318041F1305B}.Release|x86.Build.0 = Release|Any CPU
		{2B2A97D0-9310-4245-BC07-EA12027499BF}.Debug|Any CPU.ActiveCfg = Debug|Any CPU
		{2B2A97D0-9310-4245-BC07-EA12027499BF}.Debug|Any CPU.Build.0 = Debug|Any CPU
		{2B2A97D0-9310-4245-BC07-EA12027499BF}.Debug|x64.ActiveCfg = Debug|Any CPU
		{2B2A97D0-9310-4245-BC07-EA12027499BF}.Debug|x64.Build.0 = Debug|Any CPU
		{2B2A97D0-9310-4245-BC07-EA12027499BF}.Debug|x86.ActiveCfg = Debug|Any CPU
		{2B2A97D0-9310-4245-BC07-EA12027499BF}.Debug|x86.Build.0 = Debug|Any CPU
		{2B2A97D0-9310-4245-BC07-EA12027499BF}.Release|Any CPU.ActiveCfg = Release|Any CPU
		{2B2A97D0-9310-4245-BC07-EA12027499BF}.Release|Any CPU.Build.0 = Release|Any CPU
		{2B2A97D0-9310-4245-BC07-EA12027499BF}.Release|x64.ActiveCfg = Release|Any CPU
		{2B2A97D0-9310-4245-BC07-EA12027499BF}.Release|x64.Build.0 = Release|Any CPU
		{2B2A97D0-9310-4245-BC07-EA12027499BF}.Release|x86.ActiveCfg = Release|Any CPU
		{2B2A97D0-9310-4245-BC07-EA12027499BF}.Release|x86.Build.0 = Release|Any CPU
		{D147AAFB-2FA6-4129-BA21-4987B66AE715}.Debug|Any CPU.ActiveCfg = Debug|Any CPU
		{D147AAFB-2FA6-4129-BA21-4987B66AE715}.Debug|Any CPU.Build.0 = Debug|Any CPU
		{D147AAFB-2FA6-4129-BA21-4987B66AE715}.Debug|x64.ActiveCfg = Debug|Any CPU
		{D147AAFB-2FA6-4129-BA21-4987B66AE715}.Debug|x64.Build.0 = Debug|Any CPU
		{D147AAFB-2FA6-4129-BA21-4987B66AE715}.Debug|x86.ActiveCfg = Debug|Any CPU
		{D147AAFB-2FA6-4129-BA21-4987B66AE715}.Debug|x86.Build.0 = Debug|Any CPU
		{D147AAFB-2FA6-4129-BA21-4987B66AE715}.Release|Any CPU.ActiveCfg = Release|Any CPU
		{D147AAFB-2FA6-4129-BA21-4987B66AE715}.Release|Any CPU.Build.0 = Release|Any CPU
		{D147AAFB-2FA6-4129-BA21-4987B66AE715}.Release|x64.ActiveCfg = Release|Any CPU
		{D147AAFB-2FA6-4129-BA21-4987B66AE715}.Release|x64.Build.0 = Release|Any CPU
		{D147AAFB-2FA6-4129-BA21-4987B66AE715}.Release|x86.ActiveCfg = Release|Any CPU
		{D147AAFB-2FA6-4129-BA21-4987B66AE715}.Release|x86.Build.0 = Release|Any CPU
		{71B9A778-83B3-4DCC-9F80-67EE4CF6FD6E}.Debug|Any CPU.ActiveCfg = Debug|Any CPU
		{71B9A778-83B3-4DCC-9F80-67EE4CF6FD6E}.Debug|Any CPU.Build.0 = Debug|Any CPU
		{71B9A778-83B3-4DCC-9F80-67EE4CF6FD6E}.Debug|x64.ActiveCfg = Debug|Any CPU
		{71B9A778-83B3-4DCC-9F80-67EE4CF6FD6E}.Debug|x64.Build.0 = Debug|Any CPU
		{71B9A778-83B3-4DCC-9F80-67EE4CF6FD6E}.Debug|x86.ActiveCfg = Debug|Any CPU
		{71B9A778-83B3-4DCC-9F80-67EE4CF6FD6E}.Debug|x86.Build.0 = Debug|Any CPU
		{71B9A778-83B3-4DCC-9F80-67EE4CF6FD6E}.Release|Any CPU.ActiveCfg = Release|Any CPU
		{71B9A778-83B3-4DCC-9F80-67EE4CF6FD6E}.Release|Any CPU.Build.0 = Release|Any CPU
		{71B9A778-83B3-4DCC-9F80-67EE4CF6FD6E}.Release|x64.ActiveCfg = Release|Any CPU
		{71B9A778-83B3-4DCC-9F80-67EE4CF6FD6E}.Release|x64.Build.0 = Release|Any CPU
		{71B9A778-83B3-4DCC-9F80-67EE4CF6FD6E}.Release|x86.ActiveCfg = Release|Any CPU
		{71B9A778-83B3-4DCC-9F80-67EE4CF6FD6E}.Release|x86.Build.0 = Release|Any CPU
		{498013E7-9932-482A-B096-D7C3A877CD4D}.Debug|Any CPU.ActiveCfg = Debug|Any CPU
		{498013E7-9932-482A-B096-D7C3A877CD4D}.Debug|Any CPU.Build.0 = Debug|Any CPU
		{498013E7-9932-482A-B096-D7C3A877CD4D}.Debug|x64.ActiveCfg = Debug|Any CPU
		{498013E7-9932-482A-B096-D7C3A877CD4D}.Debug|x64.Build.0 = Debug|Any CPU
		{498013E7-9932-482A-B096-D7C3A877CD4D}.Debug|x86.ActiveCfg = Debug|Any CPU
		{498013E7-9932-482A-B096-D7C3A877CD4D}.Debug|x86.Build.0 = Debug|Any CPU
		{498013E7-9932-482A-B096-D7C3A877CD4D}.Release|Any CPU.ActiveCfg = Release|Any CPU
		{498013E7-9932-482A-B096-D7C3A877CD4D}.Release|Any CPU.Build.0 = Release|Any CPU
		{498013E7-9932-482A-B096-D7C3A877CD4D}.Release|x64.ActiveCfg = Release|Any CPU
		{498013E7-9932-482A-B096-D7C3A877CD4D}.Release|x64.Build.0 = Release|Any CPU
		{498013E7-9932-482A-B096-D7C3A877CD4D}.Release|x86.ActiveCfg = Release|Any CPU
		{498013E7-9932-482A-B096-D7C3A877CD4D}.Release|x86.Build.0 = Release|Any CPU
		{55DD6FFC-2D87-4FB4-9151-186D8E05544F}.Debug|Any CPU.ActiveCfg = Debug|Any CPU
		{55DD6FFC-2D87-4FB4-9151-186D8E05544F}.Debug|Any CPU.Build.0 = Debug|Any CPU
		{55DD6FFC-2D87-4FB4-9151-186D8E05544F}.Debug|x64.ActiveCfg = Debug|Any CPU
		{55DD6FFC-2D87-4FB4-9151-186D8E05544F}.Debug|x64.Build.0 = Debug|Any CPU
		{55DD6FFC-2D87-4FB4-9151-186D8E05544F}.Debug|x86.ActiveCfg = Debug|Any CPU
		{55DD6FFC-2D87-4FB4-9151-186D8E05544F}.Debug|x86.Build.0 = Debug|Any CPU
		{55DD6FFC-2D87-4FB4-9151-186D8E05544F}.Release|Any CPU.ActiveCfg = Release|Any CPU
		{55DD6FFC-2D87-4FB4-9151-186D8E05544F}.Release|Any CPU.Build.0 = Release|Any CPU
		{55DD6FFC-2D87-4FB4-9151-186D8E05544F}.Release|x64.ActiveCfg = Release|Any CPU
		{55DD6FFC-2D87-4FB4-9151-186D8E05544F}.Release|x64.Build.0 = Release|Any CPU
		{55DD6FFC-2D87-4FB4-9151-186D8E05544F}.Release|x86.ActiveCfg = Release|Any CPU
		{55DD6FFC-2D87-4FB4-9151-186D8E05544F}.Release|x86.Build.0 = Release|Any CPU
		{A6E2C9A1-7F6B-4C1F-9C3C-3D9C2E7C1234}.Debug|Any CPU.ActiveCfg = Debug|Any CPU
		{A6E2C9A1-7F6B-4C1F-9C3C-3D9C2E7C1234}.Debug|Any CPU.Build.0 = Debug|Any CPU
		{A6E2C9A1-7F6B-4C1F-9C3C-3D9C2E7C1234}.Debug|x64.ActiveCfg = Debug|Any CPU
		{A6E2C9A1-7F6B-4C1F-9C3C-3D9C2E7C1234}.Debug|x64.Build.0 = Debug|Any CPU
		{A6E2C9A1-7F6B-4C1F-9C3C-3D9C2E7C1234}.Debug|x86.ActiveCfg = Debug|Any CPU
		{A6E2C9A1-7F6B-4C1F-9C3C-3D9C2E7C1234}.Debug|x86.Build.0 = Debug|Any CPU
		{A6E2C9A1-7F6B-4C1F-9C3C-3D9C2E7C1234}.Release|Any CPU.ActiveCfg = Release|Any CPU
		{A6E2C9A1-7F6B-4C1F-9C3C-3D9C2E7C1234}.Release|Any CPU.Build.0 = Release|Any CPU
		{A6E2C9A1-7F6B-4C1F-9C3C-3D9C2E7C1234}.Release|x64.ActiveCfg = Release|Any CPU
		{A6E2C9A1-7F6B-4C1F-9C3C-3D9C2E7C1234}.Release|x64.Build.0 = Release|Any CPU
		{A6E2C9A1-7F6B-4C1F-9C3C-3D9C2E7C1234}.Release|x86.ActiveCfg = Release|Any CPU
		{A6E2C9A1-7F6B-4C1F-9C3C-3D9C2E7C1234}.Release|x86.Build.0 = Release|Any CPU
		{8A47019B-9FCD-40F1-8995-ED2DA3250CF1}.Debug|Any CPU.ActiveCfg = Debug|Any CPU
		{8A47019B-9FCD-40F1-8995-ED2DA3250CF1}.Debug|Any CPU.Build.0 = Debug|Any CPU
		{8A47019B-9FCD-40F1-8995-ED2DA3250CF1}.Debug|x64.ActiveCfg = Debug|Any CPU
		{8A47019B-9FCD-40F1-8995-ED2DA3250CF1}.Debug|x64.Build.0 = Debug|Any CPU
		{8A47019B-9FCD-40F1-8995-ED2DA3250CF1}.Debug|x86.ActiveCfg = Debug|Any CPU
		{8A47019B-9FCD-40F1-8995-ED2DA3250CF1}.Debug|x86.Build.0 = Debug|Any CPU
		{8A47019B-9FCD-40F1-8995-ED2DA3250CF1}.Release|Any CPU.ActiveCfg = Release|Any CPU
		{8A47019B-9FCD-40F1-8995-ED2DA3250CF1}.Release|Any CPU.Build.0 = Release|Any CPU
		{8A47019B-9FCD-40F1-8995-ED2DA3250CF1}.Release|x64.ActiveCfg = Release|Any CPU
		{8A47019B-9FCD-40F1-8995-ED2DA3250CF1}.Release|x64.Build.0 = Release|Any CPU
		{8A47019B-9FCD-40F1-8995-ED2DA3250CF1}.Release|x86.ActiveCfg = Release|Any CPU
		{8A47019B-9FCD-40F1-8995-ED2DA3250CF1}.Release|x86.Build.0 = Release|Any CPU
		{0D38D04B-3F37-4504-98AF-2CA8178892DE}.Debug|Any CPU.ActiveCfg = Debug|Any CPU
		{0D38D04B-3F37-4504-98AF-2CA8178892DE}.Debug|Any CPU.Build.0 = Debug|Any CPU
		{0D38D04B-3F37-4504-98AF-2CA8178892DE}.Debug|x64.ActiveCfg = Debug|Any CPU
		{0D38D04B-3F37-4504-98AF-2CA8178892DE}.Debug|x64.Build.0 = Debug|Any CPU
		{0D38D04B-3F37-4504-98AF-2CA8178892DE}.Debug|x86.ActiveCfg = Debug|Any CPU
		{0D38D04B-3F37-4504-98AF-2CA8178892DE}.Debug|x86.Build.0 = Debug|Any CPU
		{0D38D04B-3F37-4504-98AF-2CA8178892DE}.Release|Any CPU.ActiveCfg = Release|Any CPU
		{0D38D04B-3F37-4504-98AF-2CA8178892DE}.Release|Any CPU.Build.0 = Release|Any CPU
		{0D38D04B-3F37-4504-98AF-2CA8178892DE}.Release|x64.ActiveCfg = Release|Any CPU
		{0D38D04B-3F37-4504-98AF-2CA8178892DE}.Release|x64.Build.0 = Release|Any CPU
		{0D38D04B-3F37-4504-98AF-2CA8178892DE}.Release|x86.ActiveCfg = Release|Any CPU
		{0D38D04B-3F37-4504-98AF-2CA8178892DE}.Release|x86.Build.0 = Release|Any CPU
		{20C87FC1-00B2-4349-BA43-27DF4FEEB7B5}.Debug|Any CPU.ActiveCfg = Debug|Any CPU
		{20C87FC1-00B2-4349-BA43-27DF4FEEB7B5}.Debug|Any CPU.Build.0 = Debug|Any CPU
		{20C87FC1-00B2-4349-BA43-27DF4FEEB7B5}.Debug|x64.ActiveCfg = Debug|Any CPU
		{20C87FC1-00B2-4349-BA43-27DF4FEEB7B5}.Debug|x64.Build.0 = Debug|Any CPU
		{20C87FC1-00B2-4349-BA43-27DF4FEEB7B5}.Debug|x86.ActiveCfg = Debug|Any CPU
		{20C87FC1-00B2-4349-BA43-27DF4FEEB7B5}.Debug|x86.Build.0 = Debug|Any CPU
		{20C87FC1-00B2-4349-BA43-27DF4FEEB7B5}.Release|Any CPU.ActiveCfg = Release|Any CPU
		{20C87FC1-00B2-4349-BA43-27DF4FEEB7B5}.Release|Any CPU.Build.0 = Release|Any CPU
		{20C87FC1-00B2-4349-BA43-27DF4FEEB7B5}.Release|x64.ActiveCfg = Release|Any CPU
		{20C87FC1-00B2-4349-BA43-27DF4FEEB7B5}.Release|x64.Build.0 = Release|Any CPU
		{20C87FC1-00B2-4349-BA43-27DF4FEEB7B5}.Release|x86.ActiveCfg = Release|Any CPU
		{20C87FC1-00B2-4349-BA43-27DF4FEEB7B5}.Release|x86.Build.0 = Release|Any CPU
		{25554606-4128-4A85-B526-38D67438C934}.Debug|Any CPU.ActiveCfg = Debug|Any CPU
		{25554606-4128-4A85-B526-38D67438C934}.Debug|Any CPU.Build.0 = Debug|Any CPU
		{25554606-4128-4A85-B526-38D67438C934}.Debug|x64.ActiveCfg = Debug|Any CPU
		{25554606-4128-4A85-B526-38D67438C934}.Debug|x64.Build.0 = Debug|Any CPU
		{25554606-4128-4A85-B526-38D67438C934}.Debug|x86.ActiveCfg = Debug|Any CPU
		{25554606-4128-4A85-B526-38D67438C934}.Debug|x86.Build.0 = Debug|Any CPU
		{25554606-4128-4A85-B526-38D67438C934}.Release|Any CPU.ActiveCfg = Release|Any CPU
		{25554606-4128-4A85-B526-38D67438C934}.Release|Any CPU.Build.0 = Release|Any CPU
		{25554606-4128-4A85-B526-38D67438C934}.Release|x64.ActiveCfg = Release|Any CPU
		{25554606-4128-4A85-B526-38D67438C934}.Release|x64.Build.0 = Release|Any CPU
		{25554606-4128-4A85-B526-38D67438C934}.Release|x86.ActiveCfg = Release|Any CPU
		{25554606-4128-4A85-B526-38D67438C934}.Release|x86.Build.0 = Release|Any CPU
		{7AD26E24-9D0A-4167-B144-540BB383B188}.Debug|Any CPU.ActiveCfg = Debug|Any CPU
		{7AD26E24-9D0A-4167-B144-540BB383B188}.Debug|Any CPU.Build.0 = Debug|Any CPU
		{7AD26E24-9D0A-4167-B144-540BB383B188}.Debug|x64.ActiveCfg = Debug|Any CPU
		{7AD26E24-9D0A-4167-B144-540BB383B188}.Debug|x64.Build.0 = Debug|Any CPU
		{7AD26E24-9D0A-4167-B144-540BB383B188}.Debug|x86.ActiveCfg = Debug|Any CPU
		{7AD26E24-9D0A-4167-B144-540BB383B188}.Debug|x86.Build.0 = Debug|Any CPU
		{7AD26E24-9D0A-4167-B144-540BB383B188}.Release|Any CPU.ActiveCfg = Release|Any CPU
		{7AD26E24-9D0A-4167-B144-540BB383B188}.Release|Any CPU.Build.0 = Release|Any CPU
		{7AD26E24-9D0A-4167-B144-540BB383B188}.Release|x64.ActiveCfg = Release|Any CPU
		{7AD26E24-9D0A-4167-B144-540BB383B188}.Release|x64.Build.0 = Release|Any CPU
		{7AD26E24-9D0A-4167-B144-540BB383B188}.Release|x86.ActiveCfg = Release|Any CPU
		{7AD26E24-9D0A-4167-B144-540BB383B188}.Release|x86.Build.0 = Release|Any CPU
		{A6EAA256-7158-4161-8587-0D62836E7E69}.Debug|Any CPU.ActiveCfg = Debug|Any CPU
		{A6EAA256-7158-4161-8587-0D62836E7E69}.Debug|Any CPU.Build.0 = Debug|Any CPU
		{A6EAA256-7158-4161-8587-0D62836E7E69}.Debug|x64.ActiveCfg = Debug|Any CPU
		{A6EAA256-7158-4161-8587-0D62836E7E69}.Debug|x64.Build.0 = Debug|Any CPU
		{A6EAA256-7158-4161-8587-0D62836E7E69}.Debug|x86.ActiveCfg = Debug|Any CPU
		{A6EAA256-7158-4161-8587-0D62836E7E69}.Debug|x86.Build.0 = Debug|Any CPU
		{A6EAA256-7158-4161-8587-0D62836E7E69}.Release|Any CPU.ActiveCfg = Release|Any CPU
		{A6EAA256-7158-4161-8587-0D62836E7E69}.Release|Any CPU.Build.0 = Release|Any CPU
		{A6EAA256-7158-4161-8587-0D62836E7E69}.Release|x64.ActiveCfg = Release|Any CPU
		{A6EAA256-7158-4161-8587-0D62836E7E69}.Release|x64.Build.0 = Release|Any CPU
		{A6EAA256-7158-4161-8587-0D62836E7E69}.Release|x86.ActiveCfg = Release|Any CPU
		{A6EAA256-7158-4161-8587-0D62836E7E69}.Release|x86.Build.0 = Release|Any CPU
		{7F53CD65-79A8-4EF9-BEC3-9A1DFA06A051}.Debug|Any CPU.ActiveCfg = Debug|Any CPU
		{7F53CD65-79A8-4EF9-BEC3-9A1DFA06A051}.Debug|Any CPU.Build.0 = Debug|Any CPU
		{7F53CD65-79A8-4EF9-BEC3-9A1DFA06A051}.Debug|x64.ActiveCfg = Debug|Any CPU
		{7F53CD65-79A8-4EF9-BEC3-9A1DFA06A051}.Debug|x64.Build.0 = Debug|Any CPU
		{7F53CD65-79A8-4EF9-BEC3-9A1DFA06A051}.Debug|x86.ActiveCfg = Debug|Any CPU
		{7F53CD65-79A8-4EF9-BEC3-9A1DFA06A051}.Debug|x86.Build.0 = Debug|Any CPU
		{7F53CD65-79A8-4EF9-BEC3-9A1DFA06A051}.Release|Any CPU.ActiveCfg = Release|Any CPU
		{7F53CD65-79A8-4EF9-BEC3-9A1DFA06A051}.Release|Any CPU.Build.0 = Release|Any CPU
		{7F53CD65-79A8-4EF9-BEC3-9A1DFA06A051}.Release|x64.ActiveCfg = Release|Any CPU
		{7F53CD65-79A8-4EF9-BEC3-9A1DFA06A051}.Release|x64.Build.0 = Release|Any CPU
		{7F53CD65-79A8-4EF9-BEC3-9A1DFA06A051}.Release|x86.ActiveCfg = Release|Any CPU
		{7F53CD65-79A8-4EF9-BEC3-9A1DFA06A051}.Release|x86.Build.0 = Release|Any CPU
		{E475D0D7-A927-4FED-B7FA-6BCF77472647}.Debug|Any CPU.ActiveCfg = Debug|Any CPU
		{E475D0D7-A927-4FED-B7FA-6BCF77472647}.Debug|Any CPU.Build.0 = Debug|Any CPU
		{E475D0D7-A927-4FED-B7FA-6BCF77472647}.Debug|x64.ActiveCfg = Debug|Any CPU
		{E475D0D7-A927-4FED-B7FA-6BCF77472647}.Debug|x64.Build.0 = Debug|Any CPU
		{E475D0D7-A927-4FED-B7FA-6BCF77472647}.Debug|x86.ActiveCfg = Debug|Any CPU
		{E475D0D7-A927-4FED-B7FA-6BCF77472647}.Debug|x86.Build.0 = Debug|Any CPU
		{E475D0D7-A927-4FED-B7FA-6BCF77472647}.Release|Any CPU.ActiveCfg = Release|Any CPU
		{E475D0D7-A927-4FED-B7FA-6BCF77472647}.Release|Any CPU.Build.0 = Release|Any CPU
		{E475D0D7-A927-4FED-B7FA-6BCF77472647}.Release|x64.ActiveCfg = Release|Any CPU
		{E475D0D7-A927-4FED-B7FA-6BCF77472647}.Release|x64.Build.0 = Release|Any CPU
		{E475D0D7-A927-4FED-B7FA-6BCF77472647}.Release|x86.ActiveCfg = Release|Any CPU
		{E475D0D7-A927-4FED-B7FA-6BCF77472647}.Release|x86.Build.0 = Release|Any CPU
		{B091642F-9D10-4CBA-9CA5-F33A8A987D29}.Debug|Any CPU.ActiveCfg = Debug|Any CPU
		{B091642F-9D10-4CBA-9CA5-F33A8A987D29}.Debug|Any CPU.Build.0 = Debug|Any CPU
		{B091642F-9D10-4CBA-9CA5-F33A8A987D29}.Debug|x64.ActiveCfg = Debug|Any CPU
		{B091642F-9D10-4CBA-9CA5-F33A8A987D29}.Debug|x64.Build.0 = Debug|Any CPU
		{B091642F-9D10-4CBA-9CA5-F33A8A987D29}.Debug|x86.ActiveCfg = Debug|Any CPU
		{B091642F-9D10-4CBA-9CA5-F33A8A987D29}.Debug|x86.Build.0 = Debug|Any CPU
		{B091642F-9D10-4CBA-9CA5-F33A8A987D29}.Release|Any CPU.ActiveCfg = Release|Any CPU
		{B091642F-9D10-4CBA-9CA5-F33A8A987D29}.Release|Any CPU.Build.0 = Release|Any CPU
		{B091642F-9D10-4CBA-9CA5-F33A8A987D29}.Release|x64.ActiveCfg = Release|Any CPU
		{B091642F-9D10-4CBA-9CA5-F33A8A987D29}.Release|x64.Build.0 = Release|Any CPU
		{B091642F-9D10-4CBA-9CA5-F33A8A987D29}.Release|x86.ActiveCfg = Release|Any CPU
		{B091642F-9D10-4CBA-9CA5-F33A8A987D29}.Release|x86.Build.0 = Release|Any CPU
		{75F7E2F3-BDAC-40C5-81AE-BF261F544D2A}.Debug|Any CPU.ActiveCfg = Debug|Any CPU
		{75F7E2F3-BDAC-40C5-81AE-BF261F544D2A}.Debug|Any CPU.Build.0 = Debug|Any CPU
		{75F7E2F3-BDAC-40C5-81AE-BF261F544D2A}.Debug|x64.ActiveCfg = Debug|Any CPU
		{75F7E2F3-BDAC-40C5-81AE-BF261F544D2A}.Debug|x64.Build.0 = Debug|Any CPU
		{75F7E2F3-BDAC-40C5-81AE-BF261F544D2A}.Debug|x86.ActiveCfg = Debug|Any CPU
		{75F7E2F3-BDAC-40C5-81AE-BF261F544D2A}.Debug|x86.Build.0 = Debug|Any CPU
		{75F7E2F3-BDAC-40C5-81AE-BF261F544D2A}.Release|Any CPU.ActiveCfg = Release|Any CPU
		{75F7E2F3-BDAC-40C5-81AE-BF261F544D2A}.Release|Any CPU.Build.0 = Release|Any CPU
		{75F7E2F3-BDAC-40C5-81AE-BF261F544D2A}.Release|x64.ActiveCfg = Release|Any CPU
		{75F7E2F3-BDAC-40C5-81AE-BF261F544D2A}.Release|x64.Build.0 = Release|Any CPU
		{75F7E2F3-BDAC-40C5-81AE-BF261F544D2A}.Release|x86.ActiveCfg = Release|Any CPU
		{75F7E2F3-BDAC-40C5-81AE-BF261F544D2A}.Release|x86.Build.0 = Release|Any CPU
		{6208EDC8-E860-4C19-89AA-4A3F72738B1F}.Debug|Any CPU.ActiveCfg = Debug|Any CPU
		{6208EDC8-E860-4C19-89AA-4A3F72738B1F}.Debug|Any CPU.Build.0 = Debug|Any CPU
		{6208EDC8-E860-4C19-89AA-4A3F72738B1F}.Debug|x64.ActiveCfg = Debug|Any CPU
		{6208EDC8-E860-4C19-89AA-4A3F72738B1F}.Debug|x64.Build.0 = Debug|Any CPU
		{6208EDC8-E860-4C19-89AA-4A3F72738B1F}.Debug|x86.ActiveCfg = Debug|Any CPU
		{6208EDC8-E860-4C19-89AA-4A3F72738B1F}.Debug|x86.Build.0 = Debug|Any CPU
		{6208EDC8-E860-4C19-89AA-4A3F72738B1F}.Release|Any CPU.ActiveCfg = Release|Any CPU
		{6208EDC8-E860-4C19-89AA-4A3F72738B1F}.Release|Any CPU.Build.0 = Release|Any CPU
		{6208EDC8-E860-4C19-89AA-4A3F72738B1F}.Release|x64.ActiveCfg = Release|Any CPU
		{6208EDC8-E860-4C19-89AA-4A3F72738B1F}.Release|x64.Build.0 = Release|Any CPU
		{6208EDC8-E860-4C19-89AA-4A3F72738B1F}.Release|x86.ActiveCfg = Release|Any CPU
		{6208EDC8-E860-4C19-89AA-4A3F72738B1F}.Release|x86.Build.0 = Release|Any CPU
		{B3CD06E1-7B8B-46F3-8190-E3E5217496EE}.Debug|Any CPU.ActiveCfg = Debug|Any CPU
		{B3CD06E1-7B8B-46F3-8190-E3E5217496EE}.Debug|Any CPU.Build.0 = Debug|Any CPU
		{B3CD06E1-7B8B-46F3-8190-E3E5217496EE}.Debug|x64.ActiveCfg = Debug|Any CPU
		{B3CD06E1-7B8B-46F3-8190-E3E5217496EE}.Debug|x64.Build.0 = Debug|Any CPU
		{B3CD06E1-7B8B-46F3-8190-E3E5217496EE}.Debug|x86.ActiveCfg = Debug|Any CPU
		{B3CD06E1-7B8B-46F3-8190-E3E5217496EE}.Debug|x86.Build.0 = Debug|Any CPU
		{B3CD06E1-7B8B-46F3-8190-E3E5217496EE}.Release|Any CPU.ActiveCfg = Release|Any CPU
		{B3CD06E1-7B8B-46F3-8190-E3E5217496EE}.Release|Any CPU.Build.0 = Release|Any CPU
		{B3CD06E1-7B8B-46F3-8190-E3E5217496EE}.Release|x64.ActiveCfg = Release|Any CPU
		{B3CD06E1-7B8B-46F3-8190-E3E5217496EE}.Release|x64.Build.0 = Release|Any CPU
		{B3CD06E1-7B8B-46F3-8190-E3E5217496EE}.Release|x86.ActiveCfg = Release|Any CPU
		{B3CD06E1-7B8B-46F3-8190-E3E5217496EE}.Release|x86.Build.0 = Release|Any CPU
		{889915F6-B131-4A10-AE05-0B382787D781}.Debug|Any CPU.ActiveCfg = Debug|Any CPU
		{889915F6-B131-4A10-AE05-0B382787D781}.Debug|Any CPU.Build.0 = Debug|Any CPU
		{889915F6-B131-4A10-AE05-0B382787D781}.Debug|x64.ActiveCfg = Debug|Any CPU
		{889915F6-B131-4A10-AE05-0B382787D781}.Debug|x64.Build.0 = Debug|Any CPU
		{889915F6-B131-4A10-AE05-0B382787D781}.Debug|x86.ActiveCfg = Debug|Any CPU
		{889915F6-B131-4A10-AE05-0B382787D781}.Debug|x86.Build.0 = Debug|Any CPU
		{889915F6-B131-4A10-AE05-0B382787D781}.Release|Any CPU.ActiveCfg = Release|Any CPU
		{889915F6-B131-4A10-AE05-0B382787D781}.Release|Any CPU.Build.0 = Release|Any CPU
		{889915F6-B131-4A10-AE05-0B382787D781}.Release|x64.ActiveCfg = Release|Any CPU
		{889915F6-B131-4A10-AE05-0B382787D781}.Release|x64.Build.0 = Release|Any CPU
		{889915F6-B131-4A10-AE05-0B382787D781}.Release|x86.ActiveCfg = Release|Any CPU
		{889915F6-B131-4A10-AE05-0B382787D781}.Release|x86.Build.0 = Release|Any CPU
		{897FE281-DF1F-4788-9FE7-BA7EA28F5B46}.Debug|Any CPU.ActiveCfg = Debug|Any CPU
		{897FE281-DF1F-4788-9FE7-BA7EA28F5B46}.Debug|Any CPU.Build.0 = Debug|Any CPU
		{897FE281-DF1F-4788-9FE7-BA7EA28F5B46}.Debug|x64.ActiveCfg = Debug|Any CPU
		{897FE281-DF1F-4788-9FE7-BA7EA28F5B46}.Debug|x64.Build.0 = Debug|Any CPU
		{897FE281-DF1F-4788-9FE7-BA7EA28F5B46}.Debug|x86.ActiveCfg = Debug|Any CPU
		{897FE281-DF1F-4788-9FE7-BA7EA28F5B46}.Debug|x86.Build.0 = Debug|Any CPU
		{897FE281-DF1F-4788-9FE7-BA7EA28F5B46}.Release|Any CPU.ActiveCfg = Release|Any CPU
		{897FE281-DF1F-4788-9FE7-BA7EA28F5B46}.Release|Any CPU.Build.0 = Release|Any CPU
		{897FE281-DF1F-4788-9FE7-BA7EA28F5B46}.Release|x64.ActiveCfg = Release|Any CPU
		{897FE281-DF1F-4788-9FE7-BA7EA28F5B46}.Release|x64.Build.0 = Release|Any CPU
		{897FE281-DF1F-4788-9FE7-BA7EA28F5B46}.Release|x86.ActiveCfg = Release|Any CPU
		{897FE281-DF1F-4788-9FE7-BA7EA28F5B46}.Release|x86.Build.0 = Release|Any CPU
	EndGlobalSection
	GlobalSection(SolutionProperties) = preSolution
		HideSolutionNode = FALSE
	EndGlobalSection
	GlobalSection(NestedProjects) = preSolution
		{894A5688-002E-4769-8ACD-FBA48656F8A9} = {45862C35-0FE3-F509-FF75-57B4FF6ADE57}
		{E573103A-D99F-4230-B438-BDC140F9829E} = {45862C35-0FE3-F509-FF75-57B4FF6ADE57}
		{E81159DC-F170-4CF6-915B-567180239ED7} = {45862C35-0FE3-F509-FF75-57B4FF6ADE57}
		{DFE6175F-63E5-43C2-A735-D7D1538BF16B} = {45862C35-0FE3-F509-FF75-57B4FF6ADE57}
		{7BB94BF5-A835-4CDE-8D6F-5C6DAB7CC046} = {45862C35-0FE3-F509-FF75-57B4FF6ADE57}
		{D7AFC512-0F56-4E1C-BD0B-318041F1305B} = {45862C35-0FE3-F509-FF75-57B4FF6ADE57}
		{71B9A778-83B3-4DCC-9F80-67EE4CF6FD6E} = {45862C35-0FE3-F509-FF75-57B4FF6ADE57}
		{0D38D04B-3F37-4504-98AF-2CA8178892DE} = {45862C35-0FE3-F509-FF75-57B4FF6ADE57}
		{20C87FC1-00B2-4349-BA43-27DF4FEEB7B5} = {45862C35-0FE3-F509-FF75-57B4FF6ADE57}
		{25554606-4128-4A85-B526-38D67438C934} = {45862C35-0FE3-F509-FF75-57B4FF6ADE57}
		{7AD26E24-9D0A-4167-B144-540BB383B188} = {45862C35-0FE3-F509-FF75-57B4FF6ADE57}
		{A6EAA256-7158-4161-8587-0D62836E7E69} = {45862C35-0FE3-F509-FF75-57B4FF6ADE57}
		{7F53CD65-79A8-4EF9-BEC3-9A1DFA06A051} = {45862C35-0FE3-F509-FF75-57B4FF6ADE57}
		{E475D0D7-A927-4FED-B7FA-6BCF77472647} = {45862C35-0FE3-F509-FF75-57B4FF6ADE57}
		{B091642F-9D10-4CBA-9CA5-F33A8A987D29} = {45862C35-0FE3-F509-FF75-57B4FF6ADE57}
		{75F7E2F3-BDAC-40C5-81AE-BF261F544D2A} = {45862C35-0FE3-F509-FF75-57B4FF6ADE57}
		{6208EDC8-E860-4C19-89AA-4A3F72738B1F} = {45862C35-0FE3-F509-FF75-57B4FF6ADE57}
		{B3CD06E1-7B8B-46F3-8190-E3E5217496EE} = {45862C35-0FE3-F509-FF75-57B4FF6ADE57}
	EndGlobalSection
	GlobalSection(ExtensibilityGlobals) = postSolution
		SolutionGuid = {5168839A-C5C5-460C-BE2F-B1139DD56599}
	EndGlobalSection
EndGlobal
