
Microsoft Visual Studio Solution File, Format Version 12.00
# Visual Studio Version 17
VisualStudioVersion = 17.5.2.0
MinimumVisualStudioVersion = 10.0.40219.1
Project("{FAE04EC0-301F-11D3-BF4B-00C04F79EFBC}") = "week-1-console-writeline", "week-1-console-writeline\week-1-console-writeline.csproj", "{99B1DD1D-A46B-24F8-DECB-EEFD5F24A4CF}"
EndProject
Project("{FAE04EC0-301F-11D3-BF4B-00C04F79EFBC}") = "week-1-guided-project", "week-1-guided-project\week-1-guided-project.csproj", "{2CEA58F5-9F5C-DC1C-CBB0-1F49C403BD8A}"
EndProject
Project("{2150E333-8FDC-42A3-9474-1A3956D46DE8}") = "extras", "extras", "{45862C35-0FE3-F509-FF75-57B4FF6ADE57}"
EndProject
Project("{FAE04EC0-301F-11D3-BF4B-00C04F79EFBC}") = "bool", "extras\bool\bool.csproj", "{894A5688-002E-4769-8ACD-FBA48656F8A9}"
EndProject
Project("{FAE04EC0-301F-11D3-BF4B-00C04F79EFBC}") = "business-rules", "extras\business-rules\business-rules.csproj", "{E573103A-D99F-4230-B438-BDC140F9829E}"
EndProject
Project("{FAE04EC0-301F-11D3-BF4B-00C04F79EFBC}") = "call-methods", "extras\call-methods\call-methods.csproj", "{E81159DC-F170-4CF6-915B-567180239ED7}"
EndProject
Project("{FAE04EC0-301F-11D3-BF4B-00C04F79EFBC}") = "calculate-final-gpa", "extras\calculate-final-gpa\calculate-final-gpa.csproj", "{DFE6175F-63E5-43C2-A735-D7D1538BF16B}"
EndProject
Project("{FAE04EC0-301F-11D3-BF4B-00C04F79EFBC}") = "if-else-elseif", "extras\if-else-elseif\if-else-elseif.csproj", "{7BB94BF5-A835-4CDE-8D6F-5C6DAB7CC046}"
EndProject
Project("{FAE04EC0-301F-11D3-BF4B-00C04F79EFBC}") = "branching-logic", "extras\branching-logic\branching-logic.csproj", "{D7AFC512-0F56-4E1C-BD0B-318041F1305B}"
EndProject
Project("{FAE04EC0-301F-11D3-BF4B-00C04F79EFBC}") = "week-4-loops", "week-4-loops\week-4-loops.csproj", "{2B2A97D0-9310-4245-BC07-EA12027499BF}"
EndProject
Project("{FAE04EC0-301F-11D3-BF4B-00C04F79EFBC}") = "week-3-arrays", "week-3-arrays\week-3-arrays.csproj", "{D147AAFB-2FA6-4129-BA21-4987B66AE715}"
EndProject
Global
	GlobalSection(SolutionConfigurationPlatforms) = preSolution
		Debug|Any CPU = Debug|Any CPU
		Debug|x64 = Debug|x64
		Debug|x86 = Debug|x86
		Release|Any CPU = Release|Any CPU
		Release|x64 = Release|x64
		Release|x86 = Release|x86
	EndGlobalSection
	GlobalSection(ProjectConfigurationPlatforms) = postSolution
		{99B1DD1D-A46B-24F8-DECB-EEFD5F24A4CF}.Debug|Any CPU.ActiveCfg = Debug|Any CPU
		{99B1DD1D-A46B-24F8-DECB-EEFD5F24A4CF}.Debug|Any CPU.Build.0 = Debug|Any CPU
		{99B1DD1D-A46B-24F8-DECB-EEFD5F24A4CF}.Debug|x64.ActiveCfg = Debug|Any CPU
		{99B1DD1D-A46B-24F8-DECB-EEFD5F24A4CF}.Debug|x64.Build.0 = Debug|Any CPU
		{99B1DD1D-A46B-24F8-DECB-EEFD5F24A4CF}.Debug|x86.ActiveCfg = Debug|Any CPU
		{99B1DD1D-A46B-24F8-DECB-EEFD5F24A4CF}.Debug|x86.Build.0 = Debug|Any CPU
		{99B1DD1D-A46B-24F8-DECB-EEFD5F24A4CF}.Release|Any CPU.ActiveCfg = Release|Any CPU
		{99B1DD1D-A46B-24F8-DECB-EEFD5F24A4CF}.Release|Any CPU.Build.0 = Release|Any CPU
		{99B1DD1D-A46B-24F8-DECB-EEFD5F24A4CF}.Release|x64.ActiveCfg = Release|Any CPU
		{99B1DD1D-A46B-24F8-DECB-EEFD5F24A4CF}.Release|x64.Build.0 = Release|Any CPU
		{99B1DD1D-A46B-24F8-DECB-EEFD5F24A4CF}.Release|x86.ActiveCfg = Release|Any CPU
		{99B1DD1D-A46B-24F8-DECB-EEFD5F24A4CF}.Release|x86.Build.0 = Release|Any CPU
		{2CEA58F5-9F5C-DC1C-CBB0-1F49C403BD8A}.Debug|Any CPU.ActiveCfg = Debug|Any CPU
		{2CEA58F5-9F5C-DC1C-CBB0-1F49C403BD8A}.Debug|Any CPU.Build.0 = Debug|Any CPU
		{2CEA58F5-9F5C-DC1C-CBB0-1F49C403BD8A}.Debug|x64.ActiveCfg = Debug|Any CPU
		{2CEA58F5-9F5C-DC1C-CBB0-1F49C403BD8A}.Debug|x64.Build.0 = Debug|Any CPU
		{2CEA58F5-9F5C-DC1C-CBB0-1F49C403BD8A}.Debug|x86.ActiveCfg = Debug|Any CPU
		{2CEA58F5-9F5C-DC1C-CBB0-1F49C403BD8A}.Debug|x86.Build.0 = Debug|Any CPU
		{2CEA58F5-9F5C-DC1C-CBB0-1F49C403BD8A}.Release|Any CPU.ActiveCfg = Release|Any CPU
		{2CEA58F5-9F5C-DC1C-CBB0-1F49C403BD8A}.Release|Any CPU.Build.0 = Release|Any CPU
		{2CEA58F5-9F5C-DC1C-CBB0-1F49C403BD8A}.Release|x64.ActiveCfg = Release|Any CPU
		{2CEA58F5-9F5C-DC1C-CBB0-1F49C403BD8A}.Release|x64.Build.0 = Release|Any CPU
		{2CEA58F5-9F5C-DC1C-CBB0-1F49C403BD8A}.Release|x86.ActiveCfg = Release|Any CPU
		{2CEA58F5-9F5C-DC1C-CBB0-1F49C403BD8A}.Release|x86.Build.0 = Release|Any CPU
		{894A5688-002E-4769-8ACD-FBA48656F8A9}.Debug|Any CPU.ActiveCfg = Debug|Any CPU
		{894A5688-002E-4769-8ACD-FBA48656F8A9}.Debug|Any CPU.Build.0 = Debug|Any CPU
		{894A5688-002E-4769-8ACD-FBA48656F8A9}.Debug|x64.ActiveCfg = Debug|Any CPU
		{894A5688-002E-4769-8ACD-FBA48656F8A9}.Debug|x64.Build.0 = Debug|Any CPU
		{894A5688-002E-4769-8ACD-FBA48656F8A9}.Debug|x86.ActiveCfg = Debug|Any CPU
		{894A5688-002E-4769-8ACD-FBA48656F8A9}.Debug|x86.Build.0 = Debug|Any CPU
		{894A5688-002E-4769-8ACD-FBA48656F8A9}.Release|Any CPU.ActiveCfg = Release|Any CPU
		{894A5688-002E-4769-8ACD-FBA48656F8A9}.Release|Any CPU.Build.0 = Release|Any CPU
		{894A5688-002E-4769-8ACD-FBA48656F8A9}.Release|x64.ActiveCfg = Release|Any CPU
		{894A5688-002E-4769-8ACD-FBA48656F8A9}.Release|x64.Build.0 = Release|Any CPU
		{894A5688-002E-4769-8ACD-FBA48656F8A9}.Release|x86.ActiveCfg = Release|Any CPU
		{894A5688-002E-4769-8ACD-FBA48656F8A9}.Release|x86.Build.0 = Release|Any CPU
		{E573103A-D99F-4230-B438-BDC140F9829E}.Debug|Any CPU.ActiveCfg = Debug|Any CPU
		{E573103A-D99F-4230-B438-BDC140F9829E}.Debug|Any CPU.Build.0 = Debug|Any CPU
		{E573103A-D99F-4230-B438-BDC140F9829E}.Debug|x64.ActiveCfg = Debug|Any CPU
		{E573103A-D99F-4230-B438-BDC140F9829E}.Debug|x64.Build.0 = Debug|Any CPU
		{E573103A-D99F-4230-B438-BDC140F9829E}.Debug|x86.ActiveCfg = Debug|Any CPU
		{E573103A-D99F-4230-B438-BDC140F9829E}.Debug|x86.Build.0 = Debug|Any CPU
		{E573103A-D99F-4230-B438-BDC140F9829E}.Release|Any CPU.ActiveCfg = Release|Any CPU
		{E573103A-D99F-4230-B438-BDC140F9829E}.Release|Any CPU.Build.0 = Release|Any CPU
		{E573103A-D99F-4230-B438-BDC140F9829E}.Release|x64.ActiveCfg = Release|Any CPU
		{E573103A-D99F-4230-B438-BDC140F9829E}.Release|x64.Build.0 = Release|Any CPU
		{E573103A-D99F-4230-B438-BDC140F9829E}.Release|x86.ActiveCfg = Release|Any CPU
		{E573103A-D99F-4230-B438-BDC140F9829E}.Release|x86.Build.0 = Release|Any CPU
		{E81159DC-F170-4CF6-915B-567180239ED7}.Debug|Any CPU.ActiveCfg = Debug|Any CPU
		{E81159DC-F170-4CF6-915B-567180239ED7}.Debug|Any CPU.Build.0 = Debug|Any CPU
		{E81159DC-F170-4CF6-915B-567180239ED7}.Debug|x64.ActiveCfg = Debug|Any CPU
		{E81159DC-F170-4CF6-915B-567180239ED7}.Debug|x64.Build.0 = Debug|Any CPU
		{E81159DC-F170-4CF6-915B-567180239ED7}.Debug|x86.ActiveCfg = Debug|Any CPU
		{E81159DC-F170-4CF6-915B-567180239ED7}.Debug|x86.Build.0 = Debug|Any CPU
		{E81159DC-F170-4CF6-915B-567180239ED7}.Release|Any CPU.ActiveCfg = Release|Any CPU
		{E81159DC-F170-4CF6-915B-567180239ED7}.Release|Any CPU.Build.0 = Release|Any CPU
		{E81159DC-F170-4CF6-915B-567180239ED7}.Release|x64.ActiveCfg = Release|Any CPU
		{E81159DC-F170-4CF6-915B-567180239ED7}.Release|x64.Build.0 = Release|Any CPU
		{E81159DC-F170-4CF6-915B-567180239ED7}.Release|x86.ActiveCfg = Release|Any CPU
		{E81159DC-F170-4CF6-915B-567180239ED7}.Release|x86.Build.0 = Release|Any CPU
		{DFE6175F-63E5-43C2-A735-D7D1538BF16B}.Debug|Any CPU.ActiveCfg = Debug|Any CPU
		{DFE6175F-63E5-43C2-A735-D7D1538BF16B}.Debug|Any CPU.Build.0 = Debug|Any CPU
		{DFE6175F-63E5-43C2-A735-D7D1538BF16B}.Debug|x64.ActiveCfg = Debug|Any CPU
		{DFE6175F-63E5-43C2-A735-D7D1538BF16B}.Debug|x64.Build.0 = Debug|Any CPU
		{DFE6175F-63E5-43C2-A735-D7D1538BF16B}.Debug|x86.ActiveCfg = Debug|Any CPU
		{DFE6175F-63E5-43C2-A735-D7D1538BF16B}.Debug|x86.Build.0 = Debug|Any CPU
		{DFE6175F-63E5-43C2-A735-D7D1538BF16B}.Release|Any CPU.ActiveCfg = Release|Any CPU
		{DFE6175F-63E5-43C2-A735-D7D1538BF16B}.Release|Any CPU.Build.0 = Release|Any CPU
		{DFE6175F-63E5-43C2-A735-D7D1538BF16B}.Release|x64.ActiveCfg = Release|Any CPU
		{DFE6175F-63E5-43C2-A735-D7D1538BF16B}.Release|x64.Build.0 = Release|Any CPU
		{DFE6175F-63E5-43C2-A735-D7D1538BF16B}.Release|x86.ActiveCfg = Release|Any CPU
		{DFE6175F-63E5-43C2-A735-D7D1538BF16B}.Release|x86.Build.0 = Release|Any CPU
		{7BB94BF5-A835-4CDE-8D6F-5C6DAB7CC046}.Debug|Any CPU.ActiveCfg = Debug|Any CPU
		{7BB94BF5-A835-4CDE-8D6F-5C6DAB7CC046}.Debug|Any CPU.Build.0 = Debug|Any CPU
		{7BB94BF5-A835-4CDE-8D6F-5C6DAB7CC046}.Debug|x64.ActiveCfg = Debug|Any CPU
		{7BB94BF5-A835-4CDE-8D6F-5C6DAB7CC046}.Debug|x64.Build.0 = Debug|Any CPU
		{7BB94BF5-A835-4CDE-8D6F-5C6DAB7CC046}.Debug|x86.ActiveCfg = Debug|Any CPU
		{7BB94BF5-A835-4CDE-8D6F-5C6DAB7CC046}.Debug|x86.Build.0 = Debug|Any CPU
		{7BB94BF5-A835-4CDE-8D6F-5C6DAB7CC046}.Release|Any CPU.ActiveCfg = Release|Any CPU
		{7BB94BF5-A835-4CDE-8D6F-5C6DAB7CC046}.Release|Any CPU.Build.0 = Release|Any CPU
		{7BB94BF5-A835-4CDE-8D6F-5C6DAB7CC046}.Release|x64.ActiveCfg = Release|Any CPU
		{7BB94BF5-A835-4CDE-8D6F-5C6DAB7CC046}.Release|x64.Build.0 = Release|Any CPU
		{7BB94BF5-A835-4CDE-8D6F-5C6DAB7CC046}.Release|x86.ActiveCfg = Release|Any CPU
		{7BB94BF5-A835-4CDE-8D6F-5C6DAB7CC046}.Release|x86.Build.0 = Release|Any CPU
		{D7AFC512-0F56-4E1C-BD0B-318041F1305B}.Debug|Any CPU.ActiveCfg = Debug|Any CPU
		{D7AFC512-0F56-4E1C-BD0B-318041F1305B}.Debug|Any CPU.Build.0 = Debug|Any CPU
		{D7AFC512-0F56-4E1C-BD0B-318041F1305B}.Debug|x64.ActiveCfg = Debug|Any CPU
		{D7AFC512-0F56-4E1C-BD0B-318041F1305B}.Debug|x64.Build.0 = Debug|Any CPU
		{D7AFC512-0F56-4E1C-BD0B-318041F1305B}.Debug|x86.ActiveCfg = Debug|Any CPU
		{D7AFC512-0F56-4E1C-BD0B-318041F1305B}.Debug|x86.Build.0 = Debug|Any CPU
		{D7AFC512-0F56-4E1C-BD0B-318041F1305B}.Release|Any CPU.ActiveCfg = Release|Any CPU
		{D7AFC512-0F56-4E1C-BD0B-318041F1305B}.Release|Any CPU.Build.0 = Release|Any CPU
		{D7AFC512-0F56-4E1C-BD0B-318041F1305B}.Release|x64.ActiveCfg = Release|Any CPU
		{D7AFC512-0F56-4E1C-BD0B-318041F1305B}.Release|x64.Build.0 = Release|Any CPU
		{D7AFC512-0F56-4E1C-BD0B-318041F1305B}.Release|x86.ActiveCfg = Release|Any CPU
		{D7AFC512-0F56-4E1C-BD0B-318041F1305B}.Release|x86.Build.0 = Release|Any CPU
		{2B2A97D0-9310-4245-BC07-EA12027499BF}.Debug|Any CPU.ActiveCfg = Debug|Any CPU
		{2B2A97D0-9310-4245-BC07-EA12027499BF}.Debug|Any CPU.Build.0 = Debug|Any CPU
		{2B2A97D0-9310-4245-BC07-EA12027499BF}.Debug|x64.ActiveCfg = Debug|Any CPU
		{2B2A97D0-9310-4245-BC07-EA12027499BF}.Debug|x64.Build.0 = Debug|Any CPU
		{2B2A97D0-9310-4245-BC07-EA12027499BF}.Debug|x86.ActiveCfg = Debug|Any CPU
		{2B2A97D0-9310-4245-BC07-EA12027499BF}.Debug|x86.Build.0 = Debug|Any CPU
		{2B2A97D0-9310-4245-BC07-EA12027499BF}.Release|Any CPU.ActiveCfg = Release|Any CPU
		{2B2A97D0-9310-4245-BC07-EA12027499BF}.Release|Any CPU.Build.0 = Release|Any CPU
		{2B2A97D0-9310-4245-BC07-EA12027499BF}.Release|x64.ActiveCfg = Release|Any CPU
		{2B2A97D0-9310-4245-BC07-EA12027499BF}.Release|x64.Build.0 = Release|Any CPU
		{2B2A97D0-9310-4245-BC07-EA12027499BF}.Release|x86.ActiveCfg = Release|Any CPU
		{2B2A97D0-9310-4245-BC07-EA12027499BF}.Release|x86.Build.0 = Release|Any CPU
		{D147AAFB-2FA6-4129-BA21-4987B66AE715}.Debug|Any CPU.ActiveCfg = Debug|Any CPU
		{D147AAFB-2FA6-4129-BA21-4987B66AE715}.Debug|Any CPU.Build.0 = Debug|Any CPU
		{D147AAFB-2FA6-4129-BA21-4987B66AE715}.Debug|x64.ActiveCfg = Debug|Any CPU
		{D147AAFB-2FA6-4129-BA21-4987B66AE715}.Debug|x64.Build.0 = Debug|Any CPU
		{D147AAFB-2FA6-4129-BA21-4987B66AE715}.Debug|x86.ActiveCfg = Debug|Any CPU
		{D147AAFB-2FA6-4129-BA21-4987B66AE715}.Debug|x86.Build.0 = Debug|Any CPU
		{D147AAFB-2FA6-4129-BA21-4987B66AE715}.Release|Any CPU.ActiveCfg = Release|Any CPU
		{D147AAFB-2FA6-4129-BA21-4987B66AE715}.Release|Any CPU.Build.0 = Release|Any CPU
		{D147AAFB-2FA6-4129-BA21-4987B66AE715}.Release|x64.ActiveCfg = Release|Any CPU
		{D147AAFB-2FA6-4129-BA21-4987B66AE715}.Release|x64.Build.0 = Release|Any CPU
		{D147AAFB-2FA6-4129-BA21-4987B66AE715}.Release|x86.ActiveCfg = Release|Any CPU
		{D147AAFB-2FA6-4129-BA21-4987B66AE715}.Release|x86.Build.0 = Release|Any CPU
	EndGlobalSection
	GlobalSection(SolutionProperties) = preSolution
		HideSolutionNode = FALSE
	EndGlobalSection
	GlobalSection(NestedProjects) = preSolution
		{894A5688-002E-4769-8ACD-FBA48656F8A9} = {45862C35-0FE3-F509-FF75-57B4FF6ADE57}
		{E573103A-D99F-4230-B438-BDC140F9829E} = {45862C35-0FE3-F509-FF75-57B4FF6ADE57}
		{E81159DC-F170-4CF6-915B-567180239ED7} = {45862C35-0FE3-F509-FF75-57B4FF6ADE57}
		{DFE6175F-63E5-43C2-A735-D7D1538BF16B} = {45862C35-0FE3-F509-FF75-57B4FF6ADE57}
		{7BB94BF5-A835-4CDE-8D6F-5C6DAB7CC046} = {45862C35-0FE3-F509-FF75-57B4FF6ADE57}
		{D7AFC512-0F56-4E1C-BD0B-318041F1305B} = {45862C35-0FE3-F509-FF75-57B4FF6ADE57}
	EndGlobalSection
	GlobalSection(ExtensibilityGlobals) = postSolution
		SolutionGuid = {5168839A-C5C5-460C-BE2F-B1139DD56599}
	EndGlobalSection
EndGlobal
